
Microsoft Visual Studio Solution File, Format Version 12.00
# Visual Studio Version 17
VisualStudioVersion = 17.5.002.0
MinimumVisualStudioVersion = 10.0.40219.1
Project("{9A19103F-16F7-4668-BE54-9A1E7A4F7556}") = "PCStore", "PCStore\PCStore.csproj", "{A2DA4D90-F51F-426D-AC6D-FF9EE44D5E54}"
EndProject
Global
	GlobalSection(SolutionConfigurationPlatforms) = preSolution
		Debug|Any CPU = Debug|Any CPU
		Release|Any CPU = Release|Any CPU
	EndGlobalSection
	GlobalSection(ProjectConfigurationPlatforms) = postSolution
		{A2DA4D90-F51F-426D-AC6D-FF9EE44D5E54}.Debug|Any CPU.ActiveCfg = Debug|Any CPU
		{A2DA4D90-F51F-426D-AC6D-FF9EE44D5E54}.Debug|Any CPU.Build.0 = Debug|Any CPU
		{A2DA4D90-F51F-426D-AC6D-FF9EE44D5E54}.Release|Any CPU.ActiveCfg = Release|Any CPU
		{A2DA4D90-F51F-426D-AC6D-FF9EE44D5E54}.Release|Any CPU.Build.0 = Release|Any CPU
	EndGlobalSection
	GlobalSection(SolutionProperties) = preSolution
		HideSolutionNode = FALSE
	EndGlobalSection
	GlobalSection(ExtensibilityGlobals) = postSolution
		SolutionGuid = {140FFB03-3844-4B3E-8878-6E26A4292E47}
	EndGlobalSection
EndGlobal
